
Microsoft Visual Studio Solution File, Format Version 12.00
# Visual Studio Version 16
VisualStudioVersion = 16.0.30406.217
MinimumVisualStudioVersion = 10.0.40219.1
Project("{FAE04EC0-301F-11D3-BF4B-00C04F79EFBC}") = "Test.Opportunity.SetPriceList.Plugin", "Test.Opportunity.SetPriceList.Plugin\Test.Opportunity.SetPriceList.Plugin.csproj", "{9175E22B-DADE-43A4-AF5A-D2DFD7D109F5}"
EndProject
Global
	GlobalSection(SolutionConfigurationPlatforms) = preSolution
		Debug|Any CPU = Debug|Any CPU
		Release|Any CPU = Release|Any CPU
	EndGlobalSection
	GlobalSection(ProjectConfigurationPlatforms) = postSolution
		{9175E22B-DADE-43A4-AF5A-D2DFD7D109F5}.Debug|Any CPU.ActiveCfg = Debug|Any CPU
		{9175E22B-DADE-43A4-AF5A-D2DFD7D109F5}.Debug|Any CPU.Build.0 = Debug|Any CPU
		{9175E22B-DADE-43A4-AF5A-D2DFD7D109F5}.Release|Any CPU.ActiveCfg = Release|Any CPU
		{9175E22B-DADE-43A4-AF5A-D2DFD7D109F5}.Release|Any CPU.Build.0 = Release|Any CPU
	EndGlobalSection
	GlobalSection(SolutionProperties) = preSolution
		HideSolutionNode = FALSE
	EndGlobalSection
	GlobalSection(ExtensibilityGlobals) = postSolution
		SolutionGuid = {C7EBEFB0-4C69-4C8D-A5D9-D6C57C28D7F2}
	EndGlobalSection
EndGlobal
